// !$*UTF8*$!
{
	archiveVersion = 1;
	classes = {
	};
	objectVersion = 56;
	objects = {

/* Begin PBXBuildFile section */
		9C0795002BC0C33E00AC46D5 /* DestinationTableViewCell.swift in Sources */ = {isa = PBXBuildFile; fileRef = 9C0794FC2BC0C33E00AC46D5 /* DestinationTableViewCell.swift */; };
		9C0795012BC0C33E00AC46D5 /* SearchDestinationController.swift in Sources */ = {isa = PBXBuildFile; fileRef = 9C0794FD2BC0C33E00AC46D5 /* SearchDestinationController.swift */; };
		9C0795022BC0C33E00AC46D5 /* SearchDestinationView.swift in Sources */ = {isa = PBXBuildFile; fileRef = 9C0794FE2BC0C33E00AC46D5 /* SearchDestinationView.swift */; };
		9C07950B2BC0C3A600AC46D5 /* ItineraryViewController.swift in Sources */ = {isa = PBXBuildFile; fileRef = 9C07950A2BC0C3A600AC46D5 /* ItineraryViewController.swift */; };
		A54243572BAE3C5800189102 /* AppDelegate.swift in Sources */ = {isa = PBXBuildFile; fileRef = A54243562BAE3C5800189102 /* AppDelegate.swift */; };
		A54243592BAE3C5800189102 /* SceneDelegate.swift in Sources */ = {isa = PBXBuildFile; fileRef = A54243582BAE3C5800189102 /* SceneDelegate.swift */; };
		A542435B2BAE3C5800189102 /* ViewController.swift in Sources */ = {isa = PBXBuildFile; fileRef = A542435A2BAE3C5800189102 /* ViewController.swift */; };
		A542435E2BAE3C5800189102 /* Base in Resources */ = {isa = PBXBuildFile; fileRef = A542435D2BAE3C5800189102 /* Base */; };
		A54243602BAE3C5900189102 /* Assets.xcassets in Resources */ = {isa = PBXBuildFile; fileRef = A542435F2BAE3C5900189102 /* Assets.xcassets */; };
		A54243632BAE3C5900189102 /* Base in Resources */ = {isa = PBXBuildFile; fileRef = A54243622BAE3C5900189102 /* Base */; };
/* End PBXBuildFile section */

/* Begin PBXFileReference section */
		9C0794FC2BC0C33E00AC46D5 /* DestinationTableViewCell.swift */ = {isa = PBXFileReference; fileEncoding = 4; lastKnownFileType = sourcecode.swift; path = DestinationTableViewCell.swift; sourceTree = "<group>"; };
		9C0794FD2BC0C33E00AC46D5 /* SearchDestinationController.swift */ = {isa = PBXFileReference; fileEncoding = 4; lastKnownFileType = sourcecode.swift; path = SearchDestinationController.swift; sourceTree = "<group>"; };
		9C0794FE2BC0C33E00AC46D5 /* SearchDestinationView.swift */ = {isa = PBXFileReference; fileEncoding = 4; lastKnownFileType = sourcecode.swift; path = SearchDestinationView.swift; sourceTree = "<group>"; };
		9C07950A2BC0C3A600AC46D5 /* ItineraryViewController.swift */ = {isa = PBXFileReference; lastKnownFileType = sourcecode.swift; path = ItineraryViewController.swift; sourceTree = "<group>"; };
		A54243532BAE3C5800189102 /* WanderlustAppiOS.app */ = {isa = PBXFileReference; explicitFileType = wrapper.application; includeInIndex = 0; path = WanderlustAppiOS.app; sourceTree = BUILT_PRODUCTS_DIR; };
		A54243562BAE3C5800189102 /* AppDelegate.swift */ = {isa = PBXFileReference; lastKnownFileType = sourcecode.swift; path = AppDelegate.swift; sourceTree = "<group>"; };
		A54243582BAE3C5800189102 /* SceneDelegate.swift */ = {isa = PBXFileReference; lastKnownFileType = sourcecode.swift; path = SceneDelegate.swift; sourceTree = "<group>"; };
		A542435A2BAE3C5800189102 /* ViewController.swift */ = {isa = PBXFileReference; lastKnownFileType = sourcecode.swift; path = ViewController.swift; sourceTree = "<group>"; };
		A542435D2BAE3C5800189102 /* Base */ = {isa = PBXFileReference; lastKnownFileType = file.storyboard; name = Base; path = Base.lproj/Main.storyboard; sourceTree = "<group>"; };
		A542435F2BAE3C5900189102 /* Assets.xcassets */ = {isa = PBXFileReference; lastKnownFileType = folder.assetcatalog; path = Assets.xcassets; sourceTree = "<group>"; };
		A54243622BAE3C5900189102 /* Base */ = {isa = PBXFileReference; lastKnownFileType = file.storyboard; name = Base; path = Base.lproj/LaunchScreen.storyboard; sourceTree = "<group>"; };
		A54243642BAE3C5900189102 /* Info.plist */ = {isa = PBXFileReference; lastKnownFileType = text.plist.xml; path = Info.plist; sourceTree = "<group>"; };
/* End PBXFileReference section */

/* Begin PBXFrameworksBuildPhase section */
		A54243502BAE3C5800189102 /* Frameworks */ = {
			isa = PBXFrameworksBuildPhase;
			buildActionMask = 2147483647;
			files = (
			);
			runOnlyForDeploymentPostprocessing = 0;
		};
/* End PBXFrameworksBuildPhase section */

/* Begin PBXGroup section */
		9C0794FF2BC0C33E00AC46D5 /* Search Destination */ = {
			isa = PBXGroup;
			children = (
				9C0794FC2BC0C33E00AC46D5 /* DestinationTableViewCell.swift */,
				9C0794FD2BC0C33E00AC46D5 /* SearchDestinationController.swift */,
				9C0794FE2BC0C33E00AC46D5 /* SearchDestinationView.swift */,
			);
			path = "Search Destination";
			sourceTree = "<group>";
		};
		9C07950C2BC0C3B500AC46D5 /* Itinerary Screen */ = {
			isa = PBXGroup;
			children = (
				9C07950A2BC0C3A600AC46D5 /* ItineraryViewController.swift */,
			);
			path = "Itinerary Screen";
			sourceTree = "<group>";
		};
		A542434A2BAE3C5700189102 = {
			isa = PBXGroup;
			children = (
				A54243552BAE3C5800189102 /* WanderlustAppiOS */,
				A54243542BAE3C5800189102 /* Products */,
			);
			sourceTree = "<group>";
		};
		A54243542BAE3C5800189102 /* Products */ = {
			isa = PBXGroup;
			children = (
				A54243532BAE3C5800189102 /* WanderlustAppiOS.app */,
			);
			name = Products;
			sourceTree = "<group>";
		};
		A54243552BAE3C5800189102 /* WanderlustAppiOS */ = {
			isa = PBXGroup;
			children = (
				9C07950C2BC0C3B500AC46D5 /* Itinerary Screen */,
				9C0794FF2BC0C33E00AC46D5 /* Search Destination */,
				A54243562BAE3C5800189102 /* AppDelegate.swift */,
				A54243582BAE3C5800189102 /* SceneDelegate.swift */,
				A542435A2BAE3C5800189102 /* ViewController.swift */,
				A542435C2BAE3C5800189102 /* Main.storyboard */,
				A542435F2BAE3C5900189102 /* Assets.xcassets */,
				A54243612BAE3C5900189102 /* LaunchScreen.storyboard */,
				A54243642BAE3C5900189102 /* Info.plist */,
			);
			path = WanderlustAppiOS;
			sourceTree = "<group>";
		};
/* End PBXGroup section */

/* Begin PBXNativeTarget section */
		A54243522BAE3C5800189102 /* WanderlustAppiOS */ = {
			isa = PBXNativeTarget;
			buildConfigurationList = A54243672BAE3C5900189102 /* Build configuration list for PBXNativeTarget "WanderlustAppiOS" */;
			buildPhases = (
				A542434F2BAE3C5800189102 /* Sources */,
				A54243502BAE3C5800189102 /* Frameworks */,
				A54243512BAE3C5800189102 /* Resources */,
			);
			buildRules = (
			);
			dependencies = (
			);
			name = WanderlustAppiOS;
			productName = WanderlustAppiOS;
			productReference = A54243532BAE3C5800189102 /* WanderlustAppiOS.app */;
			productType = "com.apple.product-type.application";
		};
/* End PBXNativeTarget section */

/* Begin PBXProject section */
		A542434B2BAE3C5700189102 /* Project object */ = {
			isa = PBXProject;
			attributes = {
				BuildIndependentTargetsInParallel = 1;
				LastSwiftUpdateCheck = 1530;
				LastUpgradeCheck = 1530;
				TargetAttributes = {
					A54243522BAE3C5800189102 = {
						CreatedOnToolsVersion = 15.3;
					};
				};
			};
			buildConfigurationList = A542434E2BAE3C5700189102 /* Build configuration list for PBXProject "WanderlustAppiOS" */;
			compatibilityVersion = "Xcode 14.0";
			developmentRegion = en;
			hasScannedForEncodings = 0;
			knownRegions = (
				en,
				Base,
			);
			mainGroup = A542434A2BAE3C5700189102;
			productRefGroup = A54243542BAE3C5800189102 /* Products */;
			projectDirPath = "";
			projectRoot = "";
			targets = (
				A54243522BAE3C5800189102 /* WanderlustAppiOS */,
			);
		};
/* End PBXProject section */

/* Begin PBXResourcesBuildPhase section */
		A54243512BAE3C5800189102 /* Resources */ = {
			isa = PBXResourcesBuildPhase;
			buildActionMask = 2147483647;
			files = (
				A54243602BAE3C5900189102 /* Assets.xcassets in Resources */,
				A54243632BAE3C5900189102 /* Base in Resources */,
				A542435E2BAE3C5800189102 /* Base in Resources */,
			);
			runOnlyForDeploymentPostprocessing = 0;
		};
/* End PBXResourcesBuildPhase section */

/* Begin PBXSourcesBuildPhase section */
		A542434F2BAE3C5800189102 /* Sources */ = {
			isa = PBXSourcesBuildPhase;
			buildActionMask = 2147483647;
			files = (
				9C0795012BC0C33E00AC46D5 /* SearchDestinationController.swift in Sources */,
				9C0795022BC0C33E00AC46D5 /* SearchDestinationView.swift in Sources */,
				A542435B2BAE3C5800189102 /* ViewController.swift in Sources */,
				A54243572BAE3C5800189102 /* AppDelegate.swift in Sources */,
				9C0795002BC0C33E00AC46D5 /* DestinationTableViewCell.swift in Sources */,
				9C07950B2BC0C3A600AC46D5 /* ItineraryViewController.swift in Sources */,
				A54243592BAE3C5800189102 /* SceneDelegate.swift in Sources */,
			);
			runOnlyForDeploymentPostprocessing = 0;
		};
/* End PBXSourcesBuildPhase section */

/* Begin PBXVariantGroup section */
		A542435C2BAE3C5800189102 /* Main.storyboard */ = {
			isa = PBXVariantGroup;
			children = (
				A542435D2BAE3C5800189102 /* Base */,
			);
			name = Main.storyboard;
			sourceTree = "<group>";
		};
		A54243612BAE3C5900189102 /* LaunchScreen.storyboard */ = {
			isa = PBXVariantGroup;
			children = (
				A54243622BAE3C5900189102 /* Base */,
			);
			name = LaunchScreen.storyboard;
			sourceTree = "<group>";
		};
/* End PBXVariantGroup section */

/* Begin XCBuildConfiguration section */
		A54243652BAE3C5900189102 /* Debug */ = {
			isa = XCBuildConfiguration;
			buildSettings = {
				ALWAYS_SEARCH_USER_PATHS = NO;
				ASSETCATALOG_COMPILER_GENERATE_SWIFT_ASSET_SYMBOL_EXTENSIONS = YES;
				CLANG_ANALYZER_NONNULL = YES;
				CLANG_ANALYZER_NUMBER_OBJECT_CONVERSION = YES_AGGRESSIVE;
				CLANG_CXX_LANGUAGE_STANDARD = "gnu++20";
				CLANG_ENABLE_MODULES = YES;
				CLANG_ENABLE_OBJC_ARC = YES;
				CLANG_ENABLE_OBJC_WEAK = YES;
				CLANG_WARN_BLOCK_CAPTURE_AUTORELEASING = YES;
				CLANG_WARN_BOOL_CONVERSION = YES;
				CLANG_WARN_COMMA = YES;
				CLANG_WARN_CONSTANT_CONVERSION = YES;
				CLANG_WARN_DEPRECATED_OBJC_IMPLEMENTATIONS = YES;
				CLANG_WARN_DIRECT_OBJC_ISA_USAGE = YES_ERROR;
				CLANG_WARN_DOCUMENTATION_COMMENTS = YES;
				CLANG_WARN_EMPTY_BODY = YES;
				CLANG_WARN_ENUM_CONVERSION = YES;
				CLANG_WARN_INFINITE_RECURSION = YES;
				CLANG_WARN_INT_CONVERSION = YES;
				CLANG_WARN_NON_LITERAL_NULL_CONVERSION = YES;
				CLANG_WARN_OBJC_IMPLICIT_RETAIN_SELF = YES;
				CLANG_WARN_OBJC_LITERAL_CONVERSION = YES;
				CLANG_WARN_OBJC_ROOT_CLASS = YES_ERROR;
				CLANG_WARN_QUOTED_INCLUDE_IN_FRAMEWORK_HEADER = YES;
				CLANG_WARN_RANGE_LOOP_ANALYSIS = YES;
				CLANG_WARN_STRICT_PROTOTYPES = YES;
				CLANG_WARN_SUSPICIOUS_MOVE = YES;
				CLANG_WARN_UNGUARDED_AVAILABILITY = YES_AGGRESSIVE;
				CLANG_WARN_UNREACHABLE_CODE = YES;
				CLANG_WARN__DUPLICATE_METHOD_MATCH = YES;
				COPY_PHASE_STRIP = NO;
				DEBUG_INFORMATION_FORMAT = dwarf;
				ENABLE_STRICT_OBJC_MSGSEND = YES;
				ENABLE_TESTABILITY = YES;
				ENABLE_USER_SCRIPT_SANDBOXING = YES;
				GCC_C_LANGUAGE_STANDARD = gnu17;
				GCC_DYNAMIC_NO_PIC = NO;
				GCC_NO_COMMON_BLOCKS = YES;
				GCC_OPTIMIZATION_LEVEL = 0;
				GCC_PREPROCESSOR_DEFINITIONS = (
					"DEBUG=1",
					"$(inherited)",
				);
				GCC_WARN_64_TO_32_BIT_CONVERSION = YES;
				GCC_WARN_ABOUT_RETURN_TYPE = YES_ERROR;
				GCC_WARN_UNDECLARED_SELECTOR = YES;
				GCC_WARN_UNINITIALIZED_AUTOS = YES_AGGRESSIVE;
				GCC_WARN_UNUSED_FUNCTION = YES;
				GCC_WARN_UNUSED_VARIABLE = YES;
				IPHONEOS_DEPLOYMENT_TARGET = 17.4;
				LOCALIZATION_PREFERS_STRING_CATALOGS = YES;
				MTL_ENABLE_DEBUG_INFO = INCLUDE_SOURCE;
				MTL_FAST_MATH = YES;
				ONLY_ACTIVE_ARCH = YES;
				SDKROOT = iphoneos;
				SWIFT_ACTIVE_COMPILATION_CONDITIONS = "DEBUG $(inherited)";
				SWIFT_OPTIMIZATION_LEVEL = "-Onone";
			};
			name = Debug;
		};
		A54243662BAE3C5900189102 /* Release */ = {
			isa = XCBuildConfiguration;
			buildSettings = {
				ALWAYS_SEARCH_USER_PATHS = NO;
				ASSETCATALOG_COMPILER_GENERATE_SWIFT_ASSET_SYMBOL_EXTENSIONS = YES;
				CLANG_ANALYZER_NONNULL = YES;
				CLANG_ANALYZER_NUMBER_OBJECT_CONVERSION = YES_AGGRESSIVE;
				CLANG_CXX_LANGUAGE_STANDARD = "gnu++20";
				CLANG_ENABLE_MODULES = YES;
				CLANG_ENABLE_OBJC_ARC = YES;
				CLANG_ENABLE_OBJC_WEAK = YES;
				CLANG_WARN_BLOCK_CAPTURE_AUTORELEASING = YES;
				CLANG_WARN_BOOL_CONVERSION = YES;
				CLANG_WARN_COMMA = YES;
				CLANG_WARN_CONSTANT_CONVERSION = YES;
				CLANG_WARN_DEPRECATED_OBJC_IMPLEMENTATIONS = YES;
				CLANG_WARN_DIRECT_OBJC_ISA_USAGE = YES_ERROR;
				CLANG_WARN_DOCUMENTATION_COMMENTS = YES;
				CLANG_WARN_EMPTY_BODY = YES;
				CLANG_WARN_ENUM_CONVERSION = YES;
				CLANG_WARN_INFINITE_RECURSION = YES;
				CLANG_WARN_INT_CONVERSION = YES;
				CLANG_WARN_NON_LITERAL_NULL_CONVERSION = YES;
				CLANG_WARN_OBJC_IMPLICIT_RETAIN_SELF = YES;
				CLANG_WARN_OBJC_LITERAL_CONVERSION = YES;
				CLANG_WARN_OBJC_ROOT_CLASS = YES_ERROR;
				CLANG_WARN_QUOTED_INCLUDE_IN_FRAMEWORK_HEADER = YES;
				CLANG_WARN_RANGE_LOOP_ANALYSIS = YES;
				CLANG_WARN_STRICT_PROTOTYPES = YES;
				CLANG_WARN_SUSPICIOUS_MOVE = YES;
				CLANG_WARN_UNGUARDED_AVAILABILITY = YES_AGGRESSIVE;
				CLANG_WARN_UNREACHABLE_CODE = YES;
				CLANG_WARN__DUPLICATE_METHOD_MATCH = YES;
				COPY_PHASE_STRIP = NO;
				DEBUG_INFORMATION_FORMAT = "dwarf-with-dsym";
				ENABLE_NS_ASSERTIONS = NO;
				ENABLE_STRICT_OBJC_MSGSEND = YES;
				ENABLE_USER_SCRIPT_SANDBOXING = YES;
				GCC_C_LANGUAGE_STANDARD = gnu17;
				GCC_NO_COMMON_BLOCKS = YES;
				GCC_WARN_64_TO_32_BIT_CONVERSION = YES;
				GCC_WARN_ABOUT_RETURN_TYPE = YES_ERROR;
				GCC_WARN_UNDECLARED_SELECTOR = YES;
				GCC_WARN_UNINITIALIZED_AUTOS = YES_AGGRESSIVE;
				GCC_WARN_UNUSED_FUNCTION = YES;
				GCC_WARN_UNUSED_VARIABLE = YES;
				IPHONEOS_DEPLOYMENT_TARGET = 17.4;
				LOCALIZATION_PREFERS_STRING_CATALOGS = YES;
				MTL_ENABLE_DEBUG_INFO = NO;
				MTL_FAST_MATH = YES;
				SDKROOT = iphoneos;
				SWIFT_COMPILATION_MODE = wholemodule;
				VALIDATE_PRODUCT = YES;
			};
			name = Release;
		};
		A54243682BAE3C5900189102 /* Debug */ = {
			isa = XCBuildConfiguration;
			buildSettings = {
				ASSETCATALOG_COMPILER_APPICON_NAME = AppIcon;
				ASSETCATALOG_COMPILER_GLOBAL_ACCENT_COLOR_NAME = AccentColor;
				CODE_SIGN_STYLE = Automatic;
				CURRENT_PROJECT_VERSION = 1;
				DEVELOPMENT_TEAM = R44B54UB9C;
				GENERATE_INFOPLIST_FILE = YES;
				INFOPLIST_FILE = WanderlustAppiOS/Info.plist;
				INFOPLIST_KEY_UIApplicationSupportsIndirectInputEvents = YES;
				INFOPLIST_KEY_UILaunchStoryboardName = LaunchScreen;
				INFOPLIST_KEY_UIMainStoryboardFile = Main;
				INFOPLIST_KEY_UISupportedInterfaceOrientations_iPad = "UIInterfaceOrientationPortrait UIInterfaceOrientationPortraitUpsideDown UIInterfaceOrientationLandscapeLeft UIInterfaceOrientationLandscapeRight";
				INFOPLIST_KEY_UISupportedInterfaceOrientations_iPhone = "UIInterfaceOrientationPortrait UIInterfaceOrientationLandscapeLeft UIInterfaceOrientationLandscapeRight";
				LD_RUNPATH_SEARCH_PATHS = (
					"$(inherited)",
					"@executable_path/Frameworks",
				);
				MARKETING_VERSION = 1.0;
				PRODUCT_BUNDLE_IDENTIFIER = com.nuios.WanderlustAppiOS;
				PRODUCT_NAME = "$(TARGET_NAME)";
				SWIFT_EMIT_LOC_STRINGS = YES;
				SWIFT_VERSION = 5.0;
				TARGETED_DEVICE_FAMILY = "1,2";
			};
			name = Debug;
		};
		A54243692BAE3C5900189102 /* Release */ = {
			isa = XCBuildConfiguration;
			buildSettings = {
				ASSETCATALOG_COMPILER_APPICON_NAME = AppIcon;
				ASSETCATALOG_COMPILER_GLOBAL_ACCENT_COLOR_NAME = AccentColor;
				CODE_SIGN_STYLE = Automatic;
				CURRENT_PROJECT_VERSION = 1;
				DEVELOPMENT_TEAM = R44B54UB9C;
				GENERATE_INFOPLIST_FILE = YES;
				INFOPLIST_FILE = WanderlustAppiOS/Info.plist;
				INFOPLIST_KEY_UIApplicationSupportsIndirectInputEvents = YES;
				INFOPLIST_KEY_UILaunchStoryboardName = LaunchScreen;
				INFOPLIST_KEY_UIMainStoryboardFile = Main;
				INFOPLIST_KEY_UISupportedInterfaceOrientations_iPad = "UIInterfaceOrientationPortrait UIInterfaceOrientationPortraitUpsideDown UIInterfaceOrientationLandscapeLeft UIInterfaceOrientationLandscapeRight";
				INFOPLIST_KEY_UISupportedInterfaceOrientations_iPhone = "UIInterfaceOrientationPortrait UIInterfaceOrientationLandscapeLeft UIInterfaceOrientationLandscapeRight";
				LD_RUNPATH_SEARCH_PATHS = (
					"$(inherited)",
					"@executable_path/Frameworks",
				);
				MARKETING_VERSION = 1.0;
				PRODUCT_BUNDLE_IDENTIFIER = com.nuios.WanderlustAppiOS;
				PRODUCT_NAME = "$(TARGET_NAME)";
				SWIFT_EMIT_LOC_STRINGS = YES;
				SWIFT_VERSION = 5.0;
				TARGETED_DEVICE_FAMILY = "1,2";
			};
			name = Release;
		};
/* End XCBuildConfiguration section */

/* Begin XCConfigurationList section */
		A542434E2BAE3C5700189102 /* Build configuration list for PBXProject "WanderlustAppiOS" */ = {
			isa = XCConfigurationList;
			buildConfigurations = (
				A54243652BAE3C5900189102 /* Debug */,
				A54243662BAE3C5900189102 /* Release */,
			);
			defaultConfigurationIsVisible = 0;
			defaultConfigurationName = Release;
		};
		A54243672BAE3C5900189102 /* Build configuration list for PBXNativeTarget "WanderlustAppiOS" */ = {
			isa = XCConfigurationList;
			buildConfigurations = (
				A54243682BAE3C5900189102 /* Debug */,
				A54243692BAE3C5900189102 /* Release */,
			);
			defaultConfigurationIsVisible = 0;
			defaultConfigurationName = Release;
		};
/* End XCConfigurationList section */
	};
	rootObject = A542434B2BAE3C5700189102 /* Project object */;
}
