// !$*UTF8*$!
{
	archiveVersion = 1;
	classes = {
	};
	objectVersion = 56;
	objects = {

/* Begin PBXBuildFile section */
		0A4427E12BC9DFB300D3CA29 /* DayTableViewCell.swift in Sources */ = {isa = PBXBuildFile; fileRef = 0A4427E02BC9DFB300D3CA29 /* DayTableViewCell.swift */; };
		415699D12BC0D18F005F9DE7 /* FirstScreenView.swift in Sources */ = {isa = PBXBuildFile; fileRef = 415699C82BC0D18F005F9DE7 /* FirstScreenView.swift */; };
		415699D32BC0D18F005F9DE7 /* MyPlansViewController.swift in Sources */ = {isa = PBXBuildFile; fileRef = 415699CA2BC0D18F005F9DE7 /* MyPlansViewController.swift */; };
		415699D62BC0D18F005F9DE7 /* Plan.swift in Sources */ = {isa = PBXBuildFile; fileRef = 415699CF2BC0D18F005F9DE7 /* Plan.swift */; };
		4AD18D42BD55E4D4A3CE2918 /* Pods_WanderlustAppiOS.framework in Frameworks */ = {isa = PBXBuildFile; fileRef = 3DD4D277590155DFD4AE0D4E /* Pods_WanderlustAppiOS.framework */; };
		57020F402BC0CB37009D9369 /* AddGuestsView.swift in Sources */ = {isa = PBXBuildFile; fileRef = 57020F3C2BC0CB37009D9369 /* AddGuestsView.swift */; };
		57020F412BC0CB37009D9369 /* AddGuestsViewController.swift in Sources */ = {isa = PBXBuildFile; fileRef = 57020F3D2BC0CB37009D9369 /* AddGuestsViewController.swift */; };
		57020F422BC0CB37009D9369 /* AddPeopleTableViewCell.swift in Sources */ = {isa = PBXBuildFile; fileRef = 57020F3E2BC0CB37009D9369 /* AddPeopleTableViewCell.swift */; };
		57020F4A2BC0E1E7009D9369 /* ShowProfileView.swift in Sources */ = {isa = PBXBuildFile; fileRef = 57020F492BC0E1E7009D9369 /* ShowProfileView.swift */; };
		57020F4C2BC0E24F009D9369 /* ShowProfileViewController.swift in Sources */ = {isa = PBXBuildFile; fileRef = 57020F4B2BC0E24F009D9369 /* ShowProfileViewController.swift */; };
		57020F4F2BC0E2AB009D9369 /* EditProfileView.swift in Sources */ = {isa = PBXBuildFile; fileRef = 57020F4E2BC0E2AB009D9369 /* EditProfileView.swift */; };
		57020F512BC0E2D9009D9369 /* EditProfileController.swift in Sources */ = {isa = PBXBuildFile; fileRef = 57020F502BC0E2D9009D9369 /* EditProfileController.swift */; };
		57020F532BC0E30B009D9369 /* Utilities.swift in Sources */ = {isa = PBXBuildFile; fileRef = 57020F522BC0E30B009D9369 /* Utilities.swift */; };
		576183342BC7316700CA28D1 /* FirebaseAuth in Frameworks */ = {isa = PBXBuildFile; productRef = 576183332BC7316700CA28D1 /* FirebaseAuth */; };
		576183362BC7316700CA28D1 /* FirebaseFirestore in Frameworks */ = {isa = PBXBuildFile; productRef = 576183352BC7316700CA28D1 /* FirebaseFirestore */; };
		576183382BC7316700CA28D1 /* FirebaseFirestoreSwift in Frameworks */ = {isa = PBXBuildFile; productRef = 576183372BC7316700CA28D1 /* FirebaseFirestoreSwift */; };
		5761833A2BC7316700CA28D1 /* FirebaseStorage in Frameworks */ = {isa = PBXBuildFile; productRef = 576183392BC7316700CA28D1 /* FirebaseStorage */; };
		5761833C2BC731DD00CA28D1 /* GoogleService-Info.plist in Resources */ = {isa = PBXBuildFile; fileRef = 5761833B2BC731DC00CA28D1 /* GoogleService-Info.plist */; };
		57A4686D2BC753B300FC0DB3 /* RegistrationFirebase.swift in Sources */ = {isa = PBXBuildFile; fileRef = 57A4686C2BC753B300FC0DB3 /* RegistrationFirebase.swift */; };
		57A468702BC8837000FC0DB3 /* Days.swift in Sources */ = {isa = PBXBuildFile; fileRef = 57A4686F2BC8837000FC0DB3 /* Days.swift */; };
		57A468742BC8864100FC0DB3 /* User.swift in Sources */ = {isa = PBXBuildFile; fileRef = 57A468732BC8864100FC0DB3 /* User.swift */; };
		57A468772BCA0A3100FC0DB3 /* configs.swift in Sources */ = {isa = PBXBuildFile; fileRef = 57A468762BCA0A3100FC0DB3 /* configs.swift */; };
		57A4687F2BCA10FB00FC0DB3 /* ChatPlanViewController.swift in Sources */ = {isa = PBXBuildFile; fileRef = 57A4687E2BCA10FB00FC0DB3 /* ChatPlanViewController.swift */; };
		57A468812BCA113200FC0DB3 /* ChatPlanTableViewCell.swift in Sources */ = {isa = PBXBuildFile; fileRef = 57A468802BCA113200FC0DB3 /* ChatPlanTableViewCell.swift */; };
		57A468832BCA23E700FC0DB3 /* ChatScreenView.swift in Sources */ = {isa = PBXBuildFile; fileRef = 57A468822BCA23E700FC0DB3 /* ChatScreenView.swift */; };
		57A468852BCA23F400FC0DB3 /* ChatViewController.swift in Sources */ = {isa = PBXBuildFile; fileRef = 57A468842BCA23F400FC0DB3 /* ChatViewController.swift */; };
		57A468872BCA23FB00FC0DB3 /* MessagesTableViewCell.swift in Sources */ = {isa = PBXBuildFile; fileRef = 57A468862BCA23FB00FC0DB3 /* MessagesTableViewCell.swift */; };
		57A468892BCA256B00FC0DB3 /* Message.swift in Sources */ = {isa = PBXBuildFile; fileRef = 57A468882BCA256B00FC0DB3 /* Message.swift */; };
		57A4688C2BCDD9F100FC0DB3 /* ChatPlanView.swift in Sources */ = {isa = PBXBuildFile; fileRef = 57A4688B2BCDD9F100FC0DB3 /* ChatPlanView.swift */; };
		57A4688E2BCDE1EF00FC0DB3 /* ChatViewController2.swift in Sources */ = {isa = PBXBuildFile; fileRef = 57A4688D2BCDE1EF00FC0DB3 /* ChatViewController2.swift */; };
		57A468902BCF563100FC0DB3 /* ShowPlanDetailsView.swift in Sources */ = {isa = PBXBuildFile; fileRef = 57A4688F2BCF563100FC0DB3 /* ShowPlanDetailsView.swift */; };
		57A468922BCF564700FC0DB3 /* ShowPlanDetailsViewController.swift in Sources */ = {isa = PBXBuildFile; fileRef = 57A468912BCF564700FC0DB3 /* ShowPlanDetailsViewController.swift */; };
		57A468942BCF564D00FC0DB3 /* TableViewItineraryCell.swift in Sources */ = {isa = PBXBuildFile; fileRef = 57A468932BCF564D00FC0DB3 /* TableViewItineraryCell.swift */; };
		57A468962BCF565B00FC0DB3 /* TableViewPlansCell.swift in Sources */ = {isa = PBXBuildFile; fileRef = 57A468952BCF565B00FC0DB3 /* TableViewPlansCell.swift */; };
		9C0795002BC0C33E00AC46D5 /* DestinationTableViewCell.swift in Sources */ = {isa = PBXBuildFile; fileRef = 9C0794FC2BC0C33E00AC46D5 /* DestinationTableViewCell.swift */; };
		9C0795012BC0C33E00AC46D5 /* SearchDestinationController.swift in Sources */ = {isa = PBXBuildFile; fileRef = 9C0794FD2BC0C33E00AC46D5 /* SearchDestinationController.swift */; };
		9C0795022BC0C33E00AC46D5 /* SearchDestinationView.swift in Sources */ = {isa = PBXBuildFile; fileRef = 9C0794FE2BC0C33E00AC46D5 /* SearchDestinationView.swift */; };
		9C07950B2BC0C3A600AC46D5 /* ItineraryViewController.swift in Sources */ = {isa = PBXBuildFile; fileRef = 9C07950A2BC0C3A600AC46D5 /* ItineraryViewController.swift */; };
		9C0795112BC0CCB900AC46D5 /* RegistrationViewController.swift in Sources */ = {isa = PBXBuildFile; fileRef = 9C07950D2BC0CCB900AC46D5 /* RegistrationViewController.swift */; };
		9C0795122BC0CCB900AC46D5 /* RegistrationView.swift in Sources */ = {isa = PBXBuildFile; fileRef = 9C07950E2BC0CCB900AC46D5 /* RegistrationView.swift */; };
		9C0795142BC0CCB900AC46D5 /* LoginScreenView.swift in Sources */ = {isa = PBXBuildFile; fileRef = 9C0795102BC0CCB900AC46D5 /* LoginScreenView.swift */; };
		9CC6072C2BCDD126003B3F01 /* ItineraryView.swift in Sources */ = {isa = PBXBuildFile; fileRef = 9CC6072B2BCDD126003B3F01 /* ItineraryView.swift */; };
		A54243572BAE3C5800189102 /* AppDelegate.swift in Sources */ = {isa = PBXBuildFile; fileRef = A54243562BAE3C5800189102 /* AppDelegate.swift */; };
		A54243592BAE3C5800189102 /* SceneDelegate.swift in Sources */ = {isa = PBXBuildFile; fileRef = A54243582BAE3C5800189102 /* SceneDelegate.swift */; };
		A542435B2BAE3C5800189102 /* ViewController.swift in Sources */ = {isa = PBXBuildFile; fileRef = A542435A2BAE3C5800189102 /* ViewController.swift */; };
		A542435E2BAE3C5800189102 /* Base in Resources */ = {isa = PBXBuildFile; fileRef = A542435D2BAE3C5800189102 /* Base */; };
		A54243602BAE3C5900189102 /* Assets.xcassets in Resources */ = {isa = PBXBuildFile; fileRef = A542435F2BAE3C5900189102 /* Assets.xcassets */; };
		A54243632BAE3C5900189102 /* Base in Resources */ = {isa = PBXBuildFile; fileRef = A54243622BAE3C5900189102 /* Base */; };
		A567B9372BCDD6DE0051C8A3 /* PhotoManager.swift in Sources */ = {isa = PBXBuildFile; fileRef = A567B9362BCDD6DE0051C8A3 /* PhotoManager.swift */; };
		A567B9392BCDDBF20051C8A3 /* ImageViewUtils.swift in Sources */ = {isa = PBXBuildFile; fileRef = A567B9382BCDDBF20051C8A3 /* ImageViewUtils.swift */; };
		A56C26392BC0D65B0015B87A /* CalendarView.swift in Sources */ = {isa = PBXBuildFile; fileRef = A56C26282BC0D65B0015B87A /* CalendarView.swift */; };
		A56C263A2BC0D65B0015B87A /* CalendarViewController.swift in Sources */ = {isa = PBXBuildFile; fileRef = A56C26292BC0D65B0015B87A /* CalendarViewController.swift */; };
		A56C263B2BC0D65B0015B87A /* ChatsViewController.swift in Sources */ = {isa = PBXBuildFile; fileRef = A56C262B2BC0D65B0015B87A /* ChatsViewController.swift */; };
		A56C263C2BC0D65B0015B87A /* HomeViewController.swift in Sources */ = {isa = PBXBuildFile; fileRef = A56C262C2BC0D65B0015B87A /* HomeViewController.swift */; };
		A56C263D2BC0D65B0015B87A /* ProfileViewController.swift in Sources */ = {isa = PBXBuildFile; fileRef = A56C262D2BC0D65B0015B87A /* ProfileViewController.swift */; };
		A56C263E2BC0D65B0015B87A /* HomeView.swift in Sources */ = {isa = PBXBuildFile; fileRef = A56C262F2BC0D65B0015B87A /* HomeView.swift */; };
		A56C263F2BC0D65B0015B87A /* PlansTableViewCell.swift in Sources */ = {isa = PBXBuildFile; fileRef = A56C26302BC0D65B0015B87A /* PlansTableViewCell.swift */; };
		A56C26402BC0D65B0015B87A /* ChatsView.swift in Sources */ = {isa = PBXBuildFile; fileRef = A56C26322BC0D65B0015B87A /* ChatsView.swift */; };
		A56C26422BC0D65B0015B87A /* ProfileView.swift in Sources */ = {isa = PBXBuildFile; fileRef = A56C26342BC0D65B0015B87A /* ProfileView.swift */; };
		A56C26432BC0D65B0015B87A /* ContactInfo.swift in Sources */ = {isa = PBXBuildFile; fileRef = A56C26362BC0D65B0015B87A /* ContactInfo.swift */; };
		A56C26442BC0D65B0015B87A /* MainViewController.swift in Sources */ = {isa = PBXBuildFile; fileRef = A56C26372BC0D65B0015B87A /* MainViewController.swift */; };
/* End PBXBuildFile section */

/* Begin PBXFileReference section */
		0A4427E02BC9DFB300D3CA29 /* DayTableViewCell.swift */ = {isa = PBXFileReference; lastKnownFileType = sourcecode.swift; path = DayTableViewCell.swift; sourceTree = "<group>"; };
		214539518DC8AA7EC886ED6D /* Pods-WanderlustAppiOS.release.xcconfig */ = {isa = PBXFileReference; includeInIndex = 1; lastKnownFileType = text.xcconfig; name = "Pods-WanderlustAppiOS.release.xcconfig"; path = "Target Support Files/Pods-WanderlustAppiOS/Pods-WanderlustAppiOS.release.xcconfig"; sourceTree = "<group>"; };
		3DD4D277590155DFD4AE0D4E /* Pods_WanderlustAppiOS.framework */ = {isa = PBXFileReference; explicitFileType = wrapper.framework; includeInIndex = 0; path = Pods_WanderlustAppiOS.framework; sourceTree = BUILT_PRODUCTS_DIR; };
		415699C82BC0D18F005F9DE7 /* FirstScreenView.swift */ = {isa = PBXFileReference; fileEncoding = 4; lastKnownFileType = sourcecode.swift; path = FirstScreenView.swift; sourceTree = "<group>"; };
		415699CA2BC0D18F005F9DE7 /* MyPlansViewController.swift */ = {isa = PBXFileReference; fileEncoding = 4; lastKnownFileType = sourcecode.swift; path = MyPlansViewController.swift; sourceTree = "<group>"; };
		415699CF2BC0D18F005F9DE7 /* Plan.swift */ = {isa = PBXFileReference; fileEncoding = 4; lastKnownFileType = sourcecode.swift; path = Plan.swift; sourceTree = "<group>"; };
		57020F3C2BC0CB37009D9369 /* AddGuestsView.swift */ = {isa = PBXFileReference; fileEncoding = 4; lastKnownFileType = sourcecode.swift; path = AddGuestsView.swift; sourceTree = "<group>"; };
		57020F3D2BC0CB37009D9369 /* AddGuestsViewController.swift */ = {isa = PBXFileReference; fileEncoding = 4; lastKnownFileType = sourcecode.swift; path = AddGuestsViewController.swift; sourceTree = "<group>"; };
		57020F3E2BC0CB37009D9369 /* AddPeopleTableViewCell.swift */ = {isa = PBXFileReference; fileEncoding = 4; lastKnownFileType = sourcecode.swift; path = AddPeopleTableViewCell.swift; sourceTree = "<group>"; };
		57020F492BC0E1E7009D9369 /* ShowProfileView.swift */ = {isa = PBXFileReference; lastKnownFileType = sourcecode.swift; path = ShowProfileView.swift; sourceTree = "<group>"; };
		57020F4B2BC0E24F009D9369 /* ShowProfileViewController.swift */ = {isa = PBXFileReference; lastKnownFileType = sourcecode.swift; path = ShowProfileViewController.swift; sourceTree = "<group>"; };
		57020F4E2BC0E2AB009D9369 /* EditProfileView.swift */ = {isa = PBXFileReference; lastKnownFileType = sourcecode.swift; path = EditProfileView.swift; sourceTree = "<group>"; };
		57020F502BC0E2D9009D9369 /* EditProfileController.swift */ = {isa = PBXFileReference; lastKnownFileType = sourcecode.swift; path = EditProfileController.swift; sourceTree = "<group>"; };
		57020F522BC0E30B009D9369 /* Utilities.swift */ = {isa = PBXFileReference; lastKnownFileType = sourcecode.swift; path = Utilities.swift; sourceTree = "<group>"; };
		5761833B2BC731DC00CA28D1 /* GoogleService-Info.plist */ = {isa = PBXFileReference; fileEncoding = 4; lastKnownFileType = text.plist.xml; path = "GoogleService-Info.plist"; sourceTree = "<group>"; };
		57A4686C2BC753B300FC0DB3 /* RegistrationFirebase.swift */ = {isa = PBXFileReference; fileEncoding = 4; lastKnownFileType = sourcecode.swift; path = RegistrationFirebase.swift; sourceTree = "<group>"; };
		57A4686F2BC8837000FC0DB3 /* Days.swift */ = {isa = PBXFileReference; lastKnownFileType = sourcecode.swift; path = Days.swift; sourceTree = "<group>"; };
		57A468732BC8864100FC0DB3 /* User.swift */ = {isa = PBXFileReference; lastKnownFileType = sourcecode.swift; path = User.swift; sourceTree = "<group>"; };
		57A468762BCA0A3100FC0DB3 /* configs.swift */ = {isa = PBXFileReference; lastKnownFileType = sourcecode.swift; path = configs.swift; sourceTree = "<group>"; };
		57A4687E2BCA10FB00FC0DB3 /* ChatPlanViewController.swift */ = {isa = PBXFileReference; lastKnownFileType = sourcecode.swift; path = ChatPlanViewController.swift; sourceTree = "<group>"; };
		57A468802BCA113200FC0DB3 /* ChatPlanTableViewCell.swift */ = {isa = PBXFileReference; lastKnownFileType = sourcecode.swift; path = ChatPlanTableViewCell.swift; sourceTree = "<group>"; };
		57A468822BCA23E700FC0DB3 /* ChatScreenView.swift */ = {isa = PBXFileReference; fileEncoding = 4; lastKnownFileType = sourcecode.swift; path = ChatScreenView.swift; sourceTree = "<group>"; };
		57A468842BCA23F400FC0DB3 /* ChatViewController.swift */ = {isa = PBXFileReference; fileEncoding = 4; lastKnownFileType = sourcecode.swift; path = ChatViewController.swift; sourceTree = "<group>"; };
		57A468862BCA23FB00FC0DB3 /* MessagesTableViewCell.swift */ = {isa = PBXFileReference; fileEncoding = 4; lastKnownFileType = sourcecode.swift; path = MessagesTableViewCell.swift; sourceTree = "<group>"; };
		57A468882BCA256B00FC0DB3 /* Message.swift */ = {isa = PBXFileReference; fileEncoding = 4; lastKnownFileType = sourcecode.swift; path = Message.swift; sourceTree = "<group>"; };
		57A4688B2BCDD9F100FC0DB3 /* ChatPlanView.swift */ = {isa = PBXFileReference; lastKnownFileType = sourcecode.swift; path = ChatPlanView.swift; sourceTree = "<group>"; };
		57A4688D2BCDE1EF00FC0DB3 /* ChatViewController2.swift */ = {isa = PBXFileReference; lastKnownFileType = sourcecode.swift; path = ChatViewController2.swift; sourceTree = "<group>"; };
		57A4688F2BCF563100FC0DB3 /* ShowPlanDetailsView.swift */ = {isa = PBXFileReference; fileEncoding = 4; lastKnownFileType = sourcecode.swift; name = ShowPlanDetailsView.swift; path = "WanderlustAppiOS/Plan Summary/ShowPlanDetailsView.swift"; sourceTree = SOURCE_ROOT; };
		57A468912BCF564700FC0DB3 /* ShowPlanDetailsViewController.swift */ = {isa = PBXFileReference; fileEncoding = 4; lastKnownFileType = sourcecode.swift; path = ShowPlanDetailsViewController.swift; sourceTree = "<group>"; };
		57A468932BCF564D00FC0DB3 /* TableViewItineraryCell.swift */ = {isa = PBXFileReference; fileEncoding = 4; lastKnownFileType = sourcecode.swift; path = TableViewItineraryCell.swift; sourceTree = "<group>"; };
		57A468952BCF565B00FC0DB3 /* TableViewPlansCell.swift */ = {isa = PBXFileReference; fileEncoding = 4; lastKnownFileType = sourcecode.swift; path = TableViewPlansCell.swift; sourceTree = "<group>"; };
		9C0794FC2BC0C33E00AC46D5 /* DestinationTableViewCell.swift */ = {isa = PBXFileReference; fileEncoding = 4; lastKnownFileType = sourcecode.swift; path = DestinationTableViewCell.swift; sourceTree = "<group>"; };
		9C0794FD2BC0C33E00AC46D5 /* SearchDestinationController.swift */ = {isa = PBXFileReference; fileEncoding = 4; lastKnownFileType = sourcecode.swift; path = SearchDestinationController.swift; sourceTree = "<group>"; };
		9C0794FE2BC0C33E00AC46D5 /* SearchDestinationView.swift */ = {isa = PBXFileReference; fileEncoding = 4; lastKnownFileType = sourcecode.swift; path = SearchDestinationView.swift; sourceTree = "<group>"; };
		9C07950A2BC0C3A600AC46D5 /* ItineraryViewController.swift */ = {isa = PBXFileReference; lastKnownFileType = sourcecode.swift; path = ItineraryViewController.swift; sourceTree = "<group>"; };
		9C07950D2BC0CCB900AC46D5 /* RegistrationViewController.swift */ = {isa = PBXFileReference; fileEncoding = 4; lastKnownFileType = sourcecode.swift; path = RegistrationViewController.swift; sourceTree = "<group>"; };
		9C07950E2BC0CCB900AC46D5 /* RegistrationView.swift */ = {isa = PBXFileReference; fileEncoding = 4; lastKnownFileType = sourcecode.swift; path = RegistrationView.swift; sourceTree = "<group>"; };
		9C0795102BC0CCB900AC46D5 /* LoginScreenView.swift */ = {isa = PBXFileReference; fileEncoding = 4; lastKnownFileType = sourcecode.swift; path = LoginScreenView.swift; sourceTree = "<group>"; };
		9CC6072B2BCDD126003B3F01 /* ItineraryView.swift */ = {isa = PBXFileReference; lastKnownFileType = sourcecode.swift; path = ItineraryView.swift; sourceTree = "<group>"; };
		A54243532BAE3C5800189102 /* WanderlustAppiOS.app */ = {isa = PBXFileReference; explicitFileType = wrapper.application; includeInIndex = 0; path = WanderlustAppiOS.app; sourceTree = BUILT_PRODUCTS_DIR; };
		A54243562BAE3C5800189102 /* AppDelegate.swift */ = {isa = PBXFileReference; lastKnownFileType = sourcecode.swift; path = AppDelegate.swift; sourceTree = "<group>"; };
		A54243582BAE3C5800189102 /* SceneDelegate.swift */ = {isa = PBXFileReference; lastKnownFileType = sourcecode.swift; path = SceneDelegate.swift; sourceTree = "<group>"; };
		A542435A2BAE3C5800189102 /* ViewController.swift */ = {isa = PBXFileReference; lastKnownFileType = sourcecode.swift; path = ViewController.swift; sourceTree = "<group>"; };
		A542435D2BAE3C5800189102 /* Base */ = {isa = PBXFileReference; lastKnownFileType = file.storyboard; name = Base; path = Base.lproj/Main.storyboard; sourceTree = "<group>"; };
		A542435F2BAE3C5900189102 /* Assets.xcassets */ = {isa = PBXFileReference; lastKnownFileType = folder.assetcatalog; path = Assets.xcassets; sourceTree = "<group>"; };
		A54243622BAE3C5900189102 /* Base */ = {isa = PBXFileReference; lastKnownFileType = file.storyboard; name = Base; path = Base.lproj/LaunchScreen.storyboard; sourceTree = "<group>"; };
		A54243642BAE3C5900189102 /* Info.plist */ = {isa = PBXFileReference; lastKnownFileType = text.plist.xml; path = Info.plist; sourceTree = "<group>"; };
		A567B9362BCDD6DE0051C8A3 /* PhotoManager.swift */ = {isa = PBXFileReference; lastKnownFileType = sourcecode.swift; path = PhotoManager.swift; sourceTree = "<group>"; };
		A567B9382BCDDBF20051C8A3 /* ImageViewUtils.swift */ = {isa = PBXFileReference; lastKnownFileType = sourcecode.swift; path = ImageViewUtils.swift; sourceTree = "<group>"; };
		A56C26282BC0D65B0015B87A /* CalendarView.swift */ = {isa = PBXFileReference; fileEncoding = 4; lastKnownFileType = sourcecode.swift; path = CalendarView.swift; sourceTree = "<group>"; };
		A56C26292BC0D65B0015B87A /* CalendarViewController.swift */ = {isa = PBXFileReference; fileEncoding = 4; lastKnownFileType = sourcecode.swift; path = CalendarViewController.swift; sourceTree = "<group>"; };
		A56C262B2BC0D65B0015B87A /* ChatsViewController.swift */ = {isa = PBXFileReference; fileEncoding = 4; lastKnownFileType = sourcecode.swift; path = ChatsViewController.swift; sourceTree = "<group>"; };
		A56C262C2BC0D65B0015B87A /* HomeViewController.swift */ = {isa = PBXFileReference; fileEncoding = 4; lastKnownFileType = sourcecode.swift; path = HomeViewController.swift; sourceTree = "<group>"; };
		A56C262D2BC0D65B0015B87A /* ProfileViewController.swift */ = {isa = PBXFileReference; fileEncoding = 4; lastKnownFileType = sourcecode.swift; path = ProfileViewController.swift; sourceTree = "<group>"; };
		A56C262F2BC0D65B0015B87A /* HomeView.swift */ = {isa = PBXFileReference; fileEncoding = 4; lastKnownFileType = sourcecode.swift; path = HomeView.swift; sourceTree = "<group>"; };
		A56C26302BC0D65B0015B87A /* PlansTableViewCell.swift */ = {isa = PBXFileReference; fileEncoding = 4; lastKnownFileType = sourcecode.swift; path = PlansTableViewCell.swift; sourceTree = "<group>"; };
		A56C26322BC0D65B0015B87A /* ChatsView.swift */ = {isa = PBXFileReference; fileEncoding = 4; lastKnownFileType = sourcecode.swift; path = ChatsView.swift; sourceTree = "<group>"; };
		A56C26342BC0D65B0015B87A /* ProfileView.swift */ = {isa = PBXFileReference; fileEncoding = 4; lastKnownFileType = sourcecode.swift; path = ProfileView.swift; sourceTree = "<group>"; };
		A56C26362BC0D65B0015B87A /* ContactInfo.swift */ = {isa = PBXFileReference; fileEncoding = 4; lastKnownFileType = sourcecode.swift; path = ContactInfo.swift; sourceTree = "<group>"; };
		A56C26372BC0D65B0015B87A /* MainViewController.swift */ = {isa = PBXFileReference; fileEncoding = 4; lastKnownFileType = sourcecode.swift; path = MainViewController.swift; sourceTree = "<group>"; };
		CFB43322217446DE35F385C1 /* Pods-WanderlustAppiOS.debug.xcconfig */ = {isa = PBXFileReference; includeInIndex = 1; lastKnownFileType = text.xcconfig; name = "Pods-WanderlustAppiOS.debug.xcconfig"; path = "Target Support Files/Pods-WanderlustAppiOS/Pods-WanderlustAppiOS.debug.xcconfig"; sourceTree = "<group>"; };
/* End PBXFileReference section */

/* Begin PBXFrameworksBuildPhase section */
		A54243502BAE3C5800189102 /* Frameworks */ = {
			isa = PBXFrameworksBuildPhase;
			buildActionMask = 2147483647;
			files = (
				576183342BC7316700CA28D1 /* FirebaseAuth in Frameworks */,
				5761833A2BC7316700CA28D1 /* FirebaseStorage in Frameworks */,
				576183362BC7316700CA28D1 /* FirebaseFirestore in Frameworks */,
				576183382BC7316700CA28D1 /* FirebaseFirestoreSwift in Frameworks */,
				4AD18D42BD55E4D4A3CE2918 /* Pods_WanderlustAppiOS.framework in Frameworks */,
			);
			runOnlyForDeploymentPostprocessing = 0;
		};
/* End PBXFrameworksBuildPhase section */

/* Begin PBXGroup section */
		415699CB2BC0D18F005F9DE7 /* My Plans */ = {
			isa = PBXGroup;
			children = (
				415699C82BC0D18F005F9DE7 /* FirstScreenView.swift */,
				57A468952BCF565B00FC0DB3 /* TableViewPlansCell.swift */,
				415699CA2BC0D18F005F9DE7 /* MyPlansViewController.swift */,
			);
			path = "My Plans";
			sourceTree = "<group>";
		};
		415699CE2BC0D18F005F9DE7 /* Plan Summary */ = {
			isa = PBXGroup;
			children = (
				57A468932BCF564D00FC0DB3 /* TableViewItineraryCell.swift */,
				57A468912BCF564700FC0DB3 /* ShowPlanDetailsViewController.swift */,
				57A4688F2BCF563100FC0DB3 /* ShowPlanDetailsView.swift */,
			);
			path = "Plan Summary";
			sourceTree = "<group>";
		};
		415699D02BC0D18F005F9DE7 /* Data models */ = {
			isa = PBXGroup;
			children = (
				415699CF2BC0D18F005F9DE7 /* Plan.swift */,
				57A468882BCA256B00FC0DB3 /* Message.swift */,
				57A4686F2BC8837000FC0DB3 /* Days.swift */,
				57A468732BC8864100FC0DB3 /* User.swift */,
			);
			path = "Data models";
			sourceTree = "<group>";
		};
		4782B293367CD58A4583310A /* Pods */ = {
			isa = PBXGroup;
			children = (
				CFB43322217446DE35F385C1 /* Pods-WanderlustAppiOS.debug.xcconfig */,
				214539518DC8AA7EC886ED6D /* Pods-WanderlustAppiOS.release.xcconfig */,
			);
			path = Pods;
			sourceTree = "<group>";
		};
		57020F3F2BC0CB37009D9369 /* Add_Guests */ = {
			isa = PBXGroup;
			children = (
				57020F3C2BC0CB37009D9369 /* AddGuestsView.swift */,
				57020F3D2BC0CB37009D9369 /* AddGuestsViewController.swift */,
				57020F3E2BC0CB37009D9369 /* AddPeopleTableViewCell.swift */,
			);
			path = Add_Guests;
			sourceTree = "<group>";
		};
		57020F432BC0E0CE009D9369 /* Chat Feature */ = {
			isa = PBXGroup;
			children = (
				57A4688D2BCDE1EF00FC0DB3 /* ChatViewController2.swift */,
				57A468822BCA23E700FC0DB3 /* ChatScreenView.swift */,
				57A468842BCA23F400FC0DB3 /* ChatViewController.swift */,
				57A468862BCA23FB00FC0DB3 /* MessagesTableViewCell.swift */,
				57A468752BCA09AC00FC0DB3 /* Main Screen */,
			);
			path = "Chat Feature";
			sourceTree = "<group>";
		};
		57020F482BC0E1C3009D9369 /* My Profile */ = {
			isa = PBXGroup;
			children = (
				57020F492BC0E1E7009D9369 /* ShowProfileView.swift */,
				57020F4B2BC0E24F009D9369 /* ShowProfileViewController.swift */,
			);
			path = "My Profile";
			sourceTree = "<group>";
		};
		57020F4D2BC0E26E009D9369 /* Edit Profile */ = {
			isa = PBXGroup;
			children = (
				57020F4E2BC0E2AB009D9369 /* EditProfileView.swift */,
				57020F502BC0E2D9009D9369 /* EditProfileController.swift */,
				57020F522BC0E30B009D9369 /* Utilities.swift */,
			);
			path = "Edit Profile";
			sourceTree = "<group>";
		};
		57A468752BCA09AC00FC0DB3 /* Main Screen */ = {
			isa = PBXGroup;
			children = (
				57A4687E2BCA10FB00FC0DB3 /* ChatPlanViewController.swift */,
				57A468802BCA113200FC0DB3 /* ChatPlanTableViewCell.swift */,
				57A4688B2BCDD9F100FC0DB3 /* ChatPlanView.swift */,
			);
			path = "Main Screen";
			sourceTree = "<group>";
		};
		5D0BBCBAB808BCA4300A2C64 /* Frameworks */ = {
			isa = PBXGroup;
			children = (
				3DD4D277590155DFD4AE0D4E /* Pods_WanderlustAppiOS.framework */,
			);
			name = Frameworks;
			sourceTree = "<group>";
		};
		9C0794FF2BC0C33E00AC46D5 /* Search Destination */ = {
			isa = PBXGroup;
			children = (
				9C0794FC2BC0C33E00AC46D5 /* DestinationTableViewCell.swift */,
				9C0794FD2BC0C33E00AC46D5 /* SearchDestinationController.swift */,
				9C0794FE2BC0C33E00AC46D5 /* SearchDestinationView.swift */,
			);
			path = "Search Destination";
			sourceTree = "<group>";
		};
		9C07950C2BC0C3B500AC46D5 /* Itinerary Screen */ = {
			isa = PBXGroup;
			children = (
				9C07950A2BC0C3A600AC46D5 /* ItineraryViewController.swift */,
				0A4427E02BC9DFB300D3CA29 /* DayTableViewCell.swift */,
				9CC6072B2BCDD126003B3F01 /* ItineraryView.swift */,
			);
			path = "Itinerary Screen";
			sourceTree = "<group>";
		};
		9C0795152BC0CCC300AC46D5 /* Registration Screen */ = {
			isa = PBXGroup;
			children = (
				9C07950D2BC0CCB900AC46D5 /* RegistrationViewController.swift */,
				A567B9362BCDD6DE0051C8A3 /* PhotoManager.swift */,
				57A4686C2BC753B300FC0DB3 /* RegistrationFirebase.swift */,
				9C07950E2BC0CCB900AC46D5 /* RegistrationView.swift */,
			);
			path = "Registration Screen";
			sourceTree = "<group>";
		};
		9C0795162BC0CCD100AC46D5 /* Login Screen */ = {
			isa = PBXGroup;
			children = (
				9C0795102BC0CCB900AC46D5 /* LoginScreenView.swift */,
			);
			path = "Login Screen";
			sourceTree = "<group>";
		};
		A542434A2BAE3C5700189102 = {
			isa = PBXGroup;
			children = (
				A54243552BAE3C5800189102 /* WanderlustAppiOS */,
				A54243542BAE3C5800189102 /* Products */,
				4782B293367CD58A4583310A /* Pods */,
				5D0BBCBAB808BCA4300A2C64 /* Frameworks */,
			);
			sourceTree = "<group>";
		};
		A54243542BAE3C5800189102 /* Products */ = {
			isa = PBXGroup;
			children = (
				A54243532BAE3C5800189102 /* WanderlustAppiOS.app */,
			);
			name = Products;
			sourceTree = "<group>";
		};
		A54243552BAE3C5800189102 /* WanderlustAppiOS */ = {
			isa = PBXGroup;
			children = (
				5761833B2BC731DC00CA28D1 /* GoogleService-Info.plist */,
				57020F4D2BC0E26E009D9369 /* Edit Profile */,
				57020F482BC0E1C3009D9369 /* My Profile */,
				57020F432BC0E0CE009D9369 /* Chat Feature */,
				A56C262A2BC0D65B0015B87A /* Calendar Screen */,
				A56C26382BC0D65B0015B87A /* Main Screen View */,
				415699D02BC0D18F005F9DE7 /* Data models */,
				415699CB2BC0D18F005F9DE7 /* My Plans */,
				415699CE2BC0D18F005F9DE7 /* Plan Summary */,
				9C0795162BC0CCD100AC46D5 /* Login Screen */,
				9C0795152BC0CCC300AC46D5 /* Registration Screen */,
				57020F3F2BC0CB37009D9369 /* Add_Guests */,
				9C07950C2BC0C3B500AC46D5 /* Itinerary Screen */,
				9C0794FF2BC0C33E00AC46D5 /* Search Destination */,
				A54243562BAE3C5800189102 /* AppDelegate.swift */,
				A54243582BAE3C5800189102 /* SceneDelegate.swift */,
				A542435A2BAE3C5800189102 /* ViewController.swift */,
				A567B9382BCDDBF20051C8A3 /* ImageViewUtils.swift */,
				A542435C2BAE3C5800189102 /* Main.storyboard */,
				A542435F2BAE3C5900189102 /* Assets.xcassets */,
				A54243612BAE3C5900189102 /* LaunchScreen.storyboard */,
				A54243642BAE3C5900189102 /* Info.plist */,
				57A468762BCA0A3100FC0DB3 /* configs.swift */,
			);
			path = WanderlustAppiOS;
			sourceTree = "<group>";
		};
		A56C262A2BC0D65B0015B87A /* Calendar Screen */ = {
			isa = PBXGroup;
			children = (
				A56C26282BC0D65B0015B87A /* CalendarView.swift */,
				A56C26292BC0D65B0015B87A /* CalendarViewController.swift */,
			);
			path = "Calendar Screen";
			sourceTree = "<group>";
		};
		A56C262E2BC0D65B0015B87A /* Tab View Controllers */ = {
			isa = PBXGroup;
			children = (
				A56C262B2BC0D65B0015B87A /* ChatsViewController.swift */,
				A56C262C2BC0D65B0015B87A /* HomeViewController.swift */,
				A56C262D2BC0D65B0015B87A /* ProfileViewController.swift */,
			);
			path = "Tab View Controllers";
			sourceTree = "<group>";
		};
		A56C26312BC0D65B0015B87A /* Home View */ = {
			isa = PBXGroup;
			children = (
				A56C262F2BC0D65B0015B87A /* HomeView.swift */,
				A56C26302BC0D65B0015B87A /* PlansTableViewCell.swift */,
			);
			path = "Home View";
			sourceTree = "<group>";
		};
		A56C26352BC0D65B0015B87A /* Tabs Views */ = {
			isa = PBXGroup;
			children = (
				A56C26312BC0D65B0015B87A /* Home View */,
				A56C26322BC0D65B0015B87A /* ChatsView.swift */,
				A56C26342BC0D65B0015B87A /* ProfileView.swift */,
			);
			path = "Tabs Views";
			sourceTree = "<group>";
		};
		A56C26382BC0D65B0015B87A /* Main Screen View */ = {
			isa = PBXGroup;
			children = (
				A56C262E2BC0D65B0015B87A /* Tab View Controllers */,
				A56C26352BC0D65B0015B87A /* Tabs Views */,
				A56C26362BC0D65B0015B87A /* ContactInfo.swift */,
				A56C26372BC0D65B0015B87A /* MainViewController.swift */,
			);
			path = "Main Screen View";
			sourceTree = "<group>";
		};
/* End PBXGroup section */

/* Begin PBXNativeTarget section */
		A54243522BAE3C5800189102 /* WanderlustAppiOS */ = {
			isa = PBXNativeTarget;
			buildConfigurationList = A54243672BAE3C5900189102 /* Build configuration list for PBXNativeTarget "WanderlustAppiOS" */;
			buildPhases = (
				AA70B1517A86D8F730685BED /* [CP] Check Pods Manifest.lock */,
				A542434F2BAE3C5800189102 /* Sources */,
				A54243502BAE3C5800189102 /* Frameworks */,
				A54243512BAE3C5800189102 /* Resources */,
				A9D80A48ADEF6EDE3384B5B8 /* [CP] Embed Pods Frameworks */,
				E93EC99CFB985F1B04123A8B /* [CP] Copy Pods Resources */,
			);
			buildRules = (
			);
			dependencies = (
			);
			name = WanderlustAppiOS;
			packageProductDependencies = (
				576183332BC7316700CA28D1 /* FirebaseAuth */,
				576183352BC7316700CA28D1 /* FirebaseFirestore */,
				576183372BC7316700CA28D1 /* FirebaseFirestoreSwift */,
				576183392BC7316700CA28D1 /* FirebaseStorage */,
			);
			productName = WanderlustAppiOS;
			productReference = A54243532BAE3C5800189102 /* WanderlustAppiOS.app */;
			productType = "com.apple.product-type.application";
		};
/* End PBXNativeTarget section */

/* Begin PBXProject section */
		A542434B2BAE3C5700189102 /* Project object */ = {
			isa = PBXProject;
			attributes = {
				BuildIndependentTargetsInParallel = 1;
				LastSwiftUpdateCheck = 1530;
				LastUpgradeCheck = 1530;
				TargetAttributes = {
					A54243522BAE3C5800189102 = {
						CreatedOnToolsVersion = 15.3;
					};
				};
			};
			buildConfigurationList = A542434E2BAE3C5700189102 /* Build configuration list for PBXProject "WanderlustAppiOS" */;
			compatibilityVersion = "Xcode 14.0";
			developmentRegion = en;
			hasScannedForEncodings = 0;
			knownRegions = (
				en,
				Base,
			);
			mainGroup = A542434A2BAE3C5700189102;
			packageReferences = (
				576183322BC7316700CA28D1 /* XCRemoteSwiftPackageReference "firebase-ios-sdk" */,
			);
			productRefGroup = A54243542BAE3C5800189102 /* Products */;
			projectDirPath = "";
			projectRoot = "";
			targets = (
				A54243522BAE3C5800189102 /* WanderlustAppiOS */,
			);
		};
/* End PBXProject section */

/* Begin PBXResourcesBuildPhase section */
		A54243512BAE3C5800189102 /* Resources */ = {
			isa = PBXResourcesBuildPhase;
			buildActionMask = 2147483647;
			files = (
				A54243602BAE3C5900189102 /* Assets.xcassets in Resources */,
				5761833C2BC731DD00CA28D1 /* GoogleService-Info.plist in Resources */,
				A54243632BAE3C5900189102 /* Base in Resources */,
				A542435E2BAE3C5800189102 /* Base in Resources */,
			);
			runOnlyForDeploymentPostprocessing = 0;
		};
/* End PBXResourcesBuildPhase section */

/* Begin PBXShellScriptBuildPhase section */
		A9D80A48ADEF6EDE3384B5B8 /* [CP] Embed Pods Frameworks */ = {
			isa = PBXShellScriptBuildPhase;
			buildActionMask = 2147483647;
			files = (
			);
			inputFileListPaths = (
				"${PODS_ROOT}/Target Support Files/Pods-WanderlustAppiOS/Pods-WanderlustAppiOS-frameworks-${CONFIGURATION}-input-files.xcfilelist",
			);
			name = "[CP] Embed Pods Frameworks";
			outputFileListPaths = (
				"${PODS_ROOT}/Target Support Files/Pods-WanderlustAppiOS/Pods-WanderlustAppiOS-frameworks-${CONFIGURATION}-output-files.xcfilelist",
			);
			runOnlyForDeploymentPostprocessing = 0;
			shellPath = /bin/sh;
			shellScript = "\"${PODS_ROOT}/Target Support Files/Pods-WanderlustAppiOS/Pods-WanderlustAppiOS-frameworks.sh\"\n";
			showEnvVarsInLog = 0;
		};
		AA70B1517A86D8F730685BED /* [CP] Check Pods Manifest.lock */ = {
			isa = PBXShellScriptBuildPhase;
			buildActionMask = 2147483647;
			files = (
			);
			inputFileListPaths = (
			);
			inputPaths = (
				"${PODS_PODFILE_DIR_PATH}/Podfile.lock",
				"${PODS_ROOT}/Manifest.lock",
			);
			name = "[CP] Check Pods Manifest.lock";
			outputFileListPaths = (
			);
			outputPaths = (
				"$(DERIVED_FILE_DIR)/Pods-WanderlustAppiOS-checkManifestLockResult.txt",
			);
			runOnlyForDeploymentPostprocessing = 0;
			shellPath = /bin/sh;
			shellScript = "diff \"${PODS_PODFILE_DIR_PATH}/Podfile.lock\" \"${PODS_ROOT}/Manifest.lock\" > /dev/null\nif [ $? != 0 ] ; then\n    # print error to STDERR\n    echo \"error: The sandbox is not in sync with the Podfile.lock. Run 'pod install' or update your CocoaPods installation.\" >&2\n    exit 1\nfi\n# This output is used by Xcode 'outputs' to avoid re-running this script phase.\necho \"SUCCESS\" > \"${SCRIPT_OUTPUT_FILE_0}\"\n";
			showEnvVarsInLog = 0;
		};
		E93EC99CFB985F1B04123A8B /* [CP] Copy Pods Resources */ = {
			isa = PBXShellScriptBuildPhase;
			buildActionMask = 2147483647;
			files = (
			);
			inputFileListPaths = (
				"${PODS_ROOT}/Target Support Files/Pods-WanderlustAppiOS/Pods-WanderlustAppiOS-resources-${CONFIGURATION}-input-files.xcfilelist",
			);
			name = "[CP] Copy Pods Resources";
			outputFileListPaths = (
				"${PODS_ROOT}/Target Support Files/Pods-WanderlustAppiOS/Pods-WanderlustAppiOS-resources-${CONFIGURATION}-output-files.xcfilelist",
			);
			runOnlyForDeploymentPostprocessing = 0;
			shellPath = /bin/sh;
			shellScript = "\"${PODS_ROOT}/Target Support Files/Pods-WanderlustAppiOS/Pods-WanderlustAppiOS-resources.sh\"\n";
			showEnvVarsInLog = 0;
		};
/* End PBXShellScriptBuildPhase section */

/* Begin PBXSourcesBuildPhase section */
		A542434F2BAE3C5800189102 /* Sources */ = {
			isa = PBXSourcesBuildPhase;
			buildActionMask = 2147483647;
			files = (
				57020F4F2BC0E2AB009D9369 /* EditProfileView.swift in Sources */,
				A56C26402BC0D65B0015B87A /* ChatsView.swift in Sources */,
				57A468902BCF563100FC0DB3 /* ShowPlanDetailsView.swift in Sources */,
				9C0795012BC0C33E00AC46D5 /* SearchDestinationController.swift in Sources */,
				57A468772BCA0A3100FC0DB3 /* configs.swift in Sources */,
				57020F412BC0CB37009D9369 /* AddGuestsViewController.swift in Sources */,
				9C0795022BC0C33E00AC46D5 /* SearchDestinationView.swift in Sources */,
				57A468702BC8837000FC0DB3 /* Days.swift in Sources */,
				415699D12BC0D18F005F9DE7 /* FirstScreenView.swift in Sources */,
				415699D62BC0D18F005F9DE7 /* Plan.swift in Sources */,
				57020F4A2BC0E1E7009D9369 /* ShowProfileView.swift in Sources */,
				57A468812BCA113200FC0DB3 /* ChatPlanTableViewCell.swift in Sources */,
				57A468962BCF565B00FC0DB3 /* TableViewPlansCell.swift in Sources */,
				A56C263F2BC0D65B0015B87A /* PlansTableViewCell.swift in Sources */,
				57A4686D2BC753B300FC0DB3 /* RegistrationFirebase.swift in Sources */,
				A56C263B2BC0D65B0015B87A /* ChatsViewController.swift in Sources */,
				57A468922BCF564700FC0DB3 /* ShowPlanDetailsViewController.swift in Sources */,
				9C0795122BC0CCB900AC46D5 /* RegistrationView.swift in Sources */,
				A542435B2BAE3C5800189102 /* ViewController.swift in Sources */,
				A567B9392BCDDBF20051C8A3 /* ImageViewUtils.swift in Sources */,
				A56C26392BC0D65B0015B87A /* CalendarView.swift in Sources */,
				A54243572BAE3C5800189102 /* AppDelegate.swift in Sources */,
				A567B9372BCDD6DE0051C8A3 /* PhotoManager.swift in Sources */,
				A56C263C2BC0D65B0015B87A /* HomeViewController.swift in Sources */,
				57A468742BC8864100FC0DB3 /* User.swift in Sources */,
				57020F532BC0E30B009D9369 /* Utilities.swift in Sources */,
				57A468942BCF564D00FC0DB3 /* TableViewItineraryCell.swift in Sources */,
				57A4687F2BCA10FB00FC0DB3 /* ChatPlanViewController.swift in Sources */,
				A56C26442BC0D65B0015B87A /* MainViewController.swift in Sources */,
				415699D32BC0D18F005F9DE7 /* MyPlansViewController.swift in Sources */,
				9C0795002BC0C33E00AC46D5 /* DestinationTableViewCell.swift in Sources */,
				A56C263E2BC0D65B0015B87A /* HomeView.swift in Sources */,
				9C0795112BC0CCB900AC46D5 /* RegistrationViewController.swift in Sources */,
				A56C263A2BC0D65B0015B87A /* CalendarViewController.swift in Sources */,
				0A4427E12BC9DFB300D3CA29 /* DayTableViewCell.swift in Sources */,
				9C0795142BC0CCB900AC46D5 /* LoginScreenView.swift in Sources */,
				9CC6072C2BCDD126003B3F01 /* ItineraryView.swift in Sources */,
				9C07950B2BC0C3A600AC46D5 /* ItineraryViewController.swift in Sources */,
				A56C26422BC0D65B0015B87A /* ProfileView.swift in Sources */,
				57A4688C2BCDD9F100FC0DB3 /* ChatPlanView.swift in Sources */,
				A56C26432BC0D65B0015B87A /* ContactInfo.swift in Sources */,
				57A4688E2BCDE1EF00FC0DB3 /* ChatViewController2.swift in Sources */,
				A54243592BAE3C5800189102 /* SceneDelegate.swift in Sources */,
				57020F512BC0E2D9009D9369 /* EditProfileController.swift in Sources */,
				57A468832BCA23E700FC0DB3 /* ChatScreenView.swift in Sources */,
				57020F402BC0CB37009D9369 /* AddGuestsView.swift in Sources */,
				57020F4C2BC0E24F009D9369 /* ShowProfileViewController.swift in Sources */,
				57A468872BCA23FB00FC0DB3 /* MessagesTableViewCell.swift in Sources */,
				A56C263D2BC0D65B0015B87A /* ProfileViewController.swift in Sources */,
				57A468892BCA256B00FC0DB3 /* Message.swift in Sources */,
				57A468852BCA23F400FC0DB3 /* ChatViewController.swift in Sources */,
				57020F422BC0CB37009D9369 /* AddPeopleTableViewCell.swift in Sources */,
			);
			runOnlyForDeploymentPostprocessing = 0;
		};
/* End PBXSourcesBuildPhase section */

/* Begin PBXVariantGroup section */
		A542435C2BAE3C5800189102 /* Main.storyboard */ = {
			isa = PBXVariantGroup;
			children = (
				A542435D2BAE3C5800189102 /* Base */,
			);
			name = Main.storyboard;
			sourceTree = "<group>";
		};
		A54243612BAE3C5900189102 /* LaunchScreen.storyboard */ = {
			isa = PBXVariantGroup;
			children = (
				A54243622BAE3C5900189102 /* Base */,
			);
			name = LaunchScreen.storyboard;
			sourceTree = "<group>";
		};
/* End PBXVariantGroup section */

/* Begin XCBuildConfiguration section */
		A54243652BAE3C5900189102 /* Debug */ = {
			isa = XCBuildConfiguration;
			buildSettings = {
				ALWAYS_SEARCH_USER_PATHS = NO;
				ASSETCATALOG_COMPILER_GENERATE_SWIFT_ASSET_SYMBOL_EXTENSIONS = YES;
				CLANG_ANALYZER_NONNULL = YES;
				CLANG_ANALYZER_NUMBER_OBJECT_CONVERSION = YES_AGGRESSIVE;
				CLANG_CXX_LANGUAGE_STANDARD = "gnu++20";
				CLANG_ENABLE_MODULES = YES;
				CLANG_ENABLE_OBJC_ARC = YES;
				CLANG_ENABLE_OBJC_WEAK = YES;
				CLANG_WARN_BLOCK_CAPTURE_AUTORELEASING = YES;
				CLANG_WARN_BOOL_CONVERSION = YES;
				CLANG_WARN_COMMA = YES;
				CLANG_WARN_CONSTANT_CONVERSION = YES;
				CLANG_WARN_DEPRECATED_OBJC_IMPLEMENTATIONS = YES;
				CLANG_WARN_DIRECT_OBJC_ISA_USAGE = YES_ERROR;
				CLANG_WARN_DOCUMENTATION_COMMENTS = YES;
				CLANG_WARN_EMPTY_BODY = YES;
				CLANG_WARN_ENUM_CONVERSION = YES;
				CLANG_WARN_INFINITE_RECURSION = YES;
				CLANG_WARN_INT_CONVERSION = YES;
				CLANG_WARN_NON_LITERAL_NULL_CONVERSION = YES;
				CLANG_WARN_OBJC_IMPLICIT_RETAIN_SELF = YES;
				CLANG_WARN_OBJC_LITERAL_CONVERSION = YES;
				CLANG_WARN_OBJC_ROOT_CLASS = YES_ERROR;
				CLANG_WARN_QUOTED_INCLUDE_IN_FRAMEWORK_HEADER = YES;
				CLANG_WARN_RANGE_LOOP_ANALYSIS = YES;
				CLANG_WARN_STRICT_PROTOTYPES = YES;
				CLANG_WARN_SUSPICIOUS_MOVE = YES;
				CLANG_WARN_UNGUARDED_AVAILABILITY = YES_AGGRESSIVE;
				CLANG_WARN_UNREACHABLE_CODE = YES;
				CLANG_WARN__DUPLICATE_METHOD_MATCH = YES;
				COPY_PHASE_STRIP = NO;
				DEBUG_INFORMATION_FORMAT = dwarf;
				ENABLE_STRICT_OBJC_MSGSEND = YES;
				ENABLE_TESTABILITY = YES;
				ENABLE_USER_SCRIPT_SANDBOXING = YES;
				GCC_C_LANGUAGE_STANDARD = gnu17;
				GCC_DYNAMIC_NO_PIC = NO;
				GCC_NO_COMMON_BLOCKS = YES;
				GCC_OPTIMIZATION_LEVEL = 0;
				GCC_PREPROCESSOR_DEFINITIONS = (
					"DEBUG=1",
					"$(inherited)",
				);
				GCC_WARN_64_TO_32_BIT_CONVERSION = YES;
				GCC_WARN_ABOUT_RETURN_TYPE = YES_ERROR;
				GCC_WARN_UNDECLARED_SELECTOR = YES;
				GCC_WARN_UNINITIALIZED_AUTOS = YES_AGGRESSIVE;
				GCC_WARN_UNUSED_FUNCTION = YES;
				GCC_WARN_UNUSED_VARIABLE = YES;
				IPHONEOS_DEPLOYMENT_TARGET = 17.4;
				LOCALIZATION_PREFERS_STRING_CATALOGS = YES;
				MTL_ENABLE_DEBUG_INFO = INCLUDE_SOURCE;
				MTL_FAST_MATH = YES;
				ONLY_ACTIVE_ARCH = YES;
				SDKROOT = iphoneos;
				SWIFT_ACTIVE_COMPILATION_CONDITIONS = "DEBUG $(inherited)";
				SWIFT_OPTIMIZATION_LEVEL = "-Onone";
			};
			name = Debug;
		};
		A54243662BAE3C5900189102 /* Release */ = {
			isa = XCBuildConfiguration;
			buildSettings = {
				ALWAYS_SEARCH_USER_PATHS = NO;
				ASSETCATALOG_COMPILER_GENERATE_SWIFT_ASSET_SYMBOL_EXTENSIONS = YES;
				CLANG_ANALYZER_NONNULL = YES;
				CLANG_ANALYZER_NUMBER_OBJECT_CONVERSION = YES_AGGRESSIVE;
				CLANG_CXX_LANGUAGE_STANDARD = "gnu++20";
				CLANG_ENABLE_MODULES = YES;
				CLANG_ENABLE_OBJC_ARC = YES;
				CLANG_ENABLE_OBJC_WEAK = YES;
				CLANG_WARN_BLOCK_CAPTURE_AUTORELEASING = YES;
				CLANG_WARN_BOOL_CONVERSION = YES;
				CLANG_WARN_COMMA = YES;
				CLANG_WARN_CONSTANT_CONVERSION = YES;
				CLANG_WARN_DEPRECATED_OBJC_IMPLEMENTATIONS = YES;
				CLANG_WARN_DIRECT_OBJC_ISA_USAGE = YES_ERROR;
				CLANG_WARN_DOCUMENTATION_COMMENTS = YES;
				CLANG_WARN_EMPTY_BODY = YES;
				CLANG_WARN_ENUM_CONVERSION = YES;
				CLANG_WARN_INFINITE_RECURSION = YES;
				CLANG_WARN_INT_CONVERSION = YES;
				CLANG_WARN_NON_LITERAL_NULL_CONVERSION = YES;
				CLANG_WARN_OBJC_IMPLICIT_RETAIN_SELF = YES;
				CLANG_WARN_OBJC_LITERAL_CONVERSION = YES;
				CLANG_WARN_OBJC_ROOT_CLASS = YES_ERROR;
				CLANG_WARN_QUOTED_INCLUDE_IN_FRAMEWORK_HEADER = YES;
				CLANG_WARN_RANGE_LOOP_ANALYSIS = YES;
				CLANG_WARN_STRICT_PROTOTYPES = YES;
				CLANG_WARN_SUSPICIOUS_MOVE = YES;
				CLANG_WARN_UNGUARDED_AVAILABILITY = YES_AGGRESSIVE;
				CLANG_WARN_UNREACHABLE_CODE = YES;
				CLANG_WARN__DUPLICATE_METHOD_MATCH = YES;
				COPY_PHASE_STRIP = NO;
				DEBUG_INFORMATION_FORMAT = "dwarf-with-dsym";
				ENABLE_NS_ASSERTIONS = NO;
				ENABLE_STRICT_OBJC_MSGSEND = YES;
				ENABLE_USER_SCRIPT_SANDBOXING = YES;
				GCC_C_LANGUAGE_STANDARD = gnu17;
				GCC_NO_COMMON_BLOCKS = YES;
				GCC_WARN_64_TO_32_BIT_CONVERSION = YES;
				GCC_WARN_ABOUT_RETURN_TYPE = YES_ERROR;
				GCC_WARN_UNDECLARED_SELECTOR = YES;
				GCC_WARN_UNINITIALIZED_AUTOS = YES_AGGRESSIVE;
				GCC_WARN_UNUSED_FUNCTION = YES;
				GCC_WARN_UNUSED_VARIABLE = YES;
				IPHONEOS_DEPLOYMENT_TARGET = 17.4;
				LOCALIZATION_PREFERS_STRING_CATALOGS = YES;
				MTL_ENABLE_DEBUG_INFO = NO;
				MTL_FAST_MATH = YES;
				SDKROOT = iphoneos;
				SWIFT_COMPILATION_MODE = wholemodule;
				VALIDATE_PRODUCT = YES;
			};
			name = Release;
		};
		A54243682BAE3C5900189102 /* Debug */ = {
			isa = XCBuildConfiguration;
			baseConfigurationReference = CFB43322217446DE35F385C1 /* Pods-WanderlustAppiOS.debug.xcconfig */;
			buildSettings = {
				ASSETCATALOG_COMPILER_APPICON_NAME = AppIcon;
				ASSETCATALOG_COMPILER_GLOBAL_ACCENT_COLOR_NAME = AccentColor;
				CODE_SIGN_STYLE = Automatic;
				CURRENT_PROJECT_VERSION = 1;
				DEVELOPMENT_TEAM = R44B54UB9C;
				ENABLE_USER_SCRIPT_SANDBOXING = NO;
				GENERATE_INFOPLIST_FILE = YES;
				INFOPLIST_FILE = WanderlustAppiOS/Info.plist;
				INFOPLIST_KEY_UIApplicationSupportsIndirectInputEvents = YES;
				INFOPLIST_KEY_UILaunchStoryboardName = LaunchScreen;
				INFOPLIST_KEY_UIMainStoryboardFile = Main;
				INFOPLIST_KEY_UISupportedInterfaceOrientations_iPad = "UIInterfaceOrientationPortrait UIInterfaceOrientationPortraitUpsideDown UIInterfaceOrientationLandscapeLeft UIInterfaceOrientationLandscapeRight";
				INFOPLIST_KEY_UISupportedInterfaceOrientations_iPhone = "UIInterfaceOrientationPortrait UIInterfaceOrientationLandscapeLeft UIInterfaceOrientationLandscapeRight";
				IPHONEOS_DEPLOYMENT_TARGET = 17.2;
				LD_RUNPATH_SEARCH_PATHS = (
					"$(inherited)",
					"@executable_path/Frameworks",
				);
				MARKETING_VERSION = 1.0;
				PRODUCT_BUNDLE_IDENTIFIER = com.nuios.WanderlustAppiOS;
				PRODUCT_NAME = "$(TARGET_NAME)";
				SWIFT_EMIT_LOC_STRINGS = YES;
				SWIFT_VERSION = 5.0;
				TARGETED_DEVICE_FAMILY = "1,2";
			};
			name = Debug;
		};
		A54243692BAE3C5900189102 /* Release */ = {
			isa = XCBuildConfiguration;
			baseConfigurationReference = 214539518DC8AA7EC886ED6D /* Pods-WanderlustAppiOS.release.xcconfig */;
			buildSettings = {
				ASSETCATALOG_COMPILER_APPICON_NAME = AppIcon;
				ASSETCATALOG_COMPILER_GLOBAL_ACCENT_COLOR_NAME = AccentColor;
				CODE_SIGN_STYLE = Automatic;
				CURRENT_PROJECT_VERSION = 1;
				DEVELOPMENT_TEAM = R44B54UB9C;
				ENABLE_USER_SCRIPT_SANDBOXING = NO;
				GENERATE_INFOPLIST_FILE = YES;
				INFOPLIST_FILE = WanderlustAppiOS/Info.plist;
				INFOPLIST_KEY_UIApplicationSupportsIndirectInputEvents = YES;
				INFOPLIST_KEY_UILaunchStoryboardName = LaunchScreen;
				INFOPLIST_KEY_UIMainStoryboardFile = Main;
				INFOPLIST_KEY_UISupportedInterfaceOrientations_iPad = "UIInterfaceOrientationPortrait UIInterfaceOrientationPortraitUpsideDown UIInterfaceOrientationLandscapeLeft UIInterfaceOrientationLandscapeRight";
				INFOPLIST_KEY_UISupportedInterfaceOrientations_iPhone = "UIInterfaceOrientationPortrait UIInterfaceOrientationLandscapeLeft UIInterfaceOrientationLandscapeRight";
				IPHONEOS_DEPLOYMENT_TARGET = 17.2;
				LD_RUNPATH_SEARCH_PATHS = (
					"$(inherited)",
					"@executable_path/Frameworks",
				);
				MARKETING_VERSION = 1.0;
				PRODUCT_BUNDLE_IDENTIFIER = com.nuios.WanderlustAppiOS;
				PRODUCT_NAME = "$(TARGET_NAME)";
				SWIFT_EMIT_LOC_STRINGS = YES;
				SWIFT_VERSION = 5.0;
				TARGETED_DEVICE_FAMILY = "1,2";
			};
			name = Release;
		};
/* End XCBuildConfiguration section */

/* Begin XCConfigurationList section */
		A542434E2BAE3C5700189102 /* Build configuration list for PBXProject "WanderlustAppiOS" */ = {
			isa = XCConfigurationList;
			buildConfigurations = (
				A54243652BAE3C5900189102 /* Debug */,
				A54243662BAE3C5900189102 /* Release */,
			);
			defaultConfigurationIsVisible = 0;
			defaultConfigurationName = Release;
		};
		A54243672BAE3C5900189102 /* Build configuration list for PBXNativeTarget "WanderlustAppiOS" */ = {
			isa = XCConfigurationList;
			buildConfigurations = (
				A54243682BAE3C5900189102 /* Debug */,
				A54243692BAE3C5900189102 /* Release */,
			);
			defaultConfigurationIsVisible = 0;
			defaultConfigurationName = Release;
		};
/* End XCConfigurationList section */

/* Begin XCRemoteSwiftPackageReference section */
		576183322BC7316700CA28D1 /* XCRemoteSwiftPackageReference "firebase-ios-sdk" */ = {
			isa = XCRemoteSwiftPackageReference;
			repositoryURL = "https://github.com/firebase/firebase-ios-sdk";
			requirement = {
				kind = upToNextMajorVersion;
				minimumVersion = 10.24.0;
			};
		};
/* End XCRemoteSwiftPackageReference section */

/* Begin XCSwiftPackageProductDependency section */
		576183332BC7316700CA28D1 /* FirebaseAuth */ = {
			isa = XCSwiftPackageProductDependency;
			package = 576183322BC7316700CA28D1 /* XCRemoteSwiftPackageReference "firebase-ios-sdk" */;
			productName = FirebaseAuth;
		};
		576183352BC7316700CA28D1 /* FirebaseFirestore */ = {
			isa = XCSwiftPackageProductDependency;
			package = 576183322BC7316700CA28D1 /* XCRemoteSwiftPackageReference "firebase-ios-sdk" */;
			productName = FirebaseFirestore;
		};
		576183372BC7316700CA28D1 /* FirebaseFirestoreSwift */ = {
			isa = XCSwiftPackageProductDependency;
			package = 576183322BC7316700CA28D1 /* XCRemoteSwiftPackageReference "firebase-ios-sdk" */;
			productName = FirebaseFirestoreSwift;
		};
		576183392BC7316700CA28D1 /* FirebaseStorage */ = {
			isa = XCSwiftPackageProductDependency;
			package = 576183322BC7316700CA28D1 /* XCRemoteSwiftPackageReference "firebase-ios-sdk" */;
			productName = FirebaseStorage;
		};
/* End XCSwiftPackageProductDependency section */
	};
	rootObject = A542434B2BAE3C5700189102 /* Project object */;
}
